{
  "name": "Autodesk-Forge-Proxy-Sample",
  "version": "1.0.0",
  "lockfileVersion": 1,
  "requires": true,
  "dependencies": {
    "@hapi/accept": {
      "version": "3.2.4",
      "resolved": "https://registry.npmjs.org/@hapi/accept/-/accept-3.2.4.tgz",
      "integrity": "sha512-soThGB+QMgfxlh0Vzhzlf3ZOEOPk5biEwcOXhkF0Eedqx8VnhGiggL9UYHrIsOb1rUg3Be3K8kp0iDL2wbVSOQ==",
      "requires": {
        "@hapi/boom": "7.x.x",
        "@hapi/hoek": "8.x.x"
      }
    },
    "@hapi/address": {
      "version": "2.1.4",
      "resolved": "https://registry.npmjs.org/@hapi/address/-/address-2.1.4.tgz",
      "integrity": "sha512-QD1PhQk+s31P1ixsX0H0Suoupp3VMXzIVMSwobR3F3MSUO2YCV0B7xqLcUw/Bh8yuvd3LhpyqLQWTNcRmp6IdQ=="
    },
    "@hapi/ammo": {
      "version": "3.1.1",
      "resolved": "https://registry.npmjs.org/@hapi/ammo/-/ammo-3.1.1.tgz",
      "integrity": "sha512-NYFK27VSPGyQ/KmOQedpQH4PSjE7awLntepX68vrYtRvuJO21W1kX0bK2p3C+6ltUwtCQSvmNT8a4uMVAysC6Q==",
      "requires": {
        "@hapi/hoek": "8.x.x"
      }
    },
    "@hapi/b64": {
      "version": "4.2.1",
      "resolved": "https://registry.npmjs.org/@hapi/b64/-/b64-4.2.1.tgz",
      "integrity": "sha512-zqHpQuH5CBMw6hADzKfU/IGNrxq1Q+/wTYV+OiZRQN9F3tMyk+9BUMeBvFRMamduuqL8iSp62QAnJ+7ATiYLWA==",
      "requires": {
        "@hapi/hoek": "8.x.x"
      }
    },
    "@hapi/boom": {
      "version": "7.4.11",
      "resolved": "https://registry.npmjs.org/@hapi/boom/-/boom-7.4.11.tgz",
      "integrity": "sha512-VSU/Cnj1DXouukYxxkes4nNJonCnlogHvIff1v1RVoN4xzkKhMXX+GRmb3NyH1iar10I9WFPDv2JPwfH3GaV0A==",
      "requires": {
        "@hapi/hoek": "8.x.x"
      }
    },
    "@hapi/bounce": {
      "version": "1.3.2",
      "resolved": "https://registry.npmjs.org/@hapi/bounce/-/bounce-1.3.2.tgz",
      "integrity": "sha512-3bnb1AlcEByFZnpDIidxQyw1Gds81z/1rSqlx4bIEE+wUN0ATj0D49B5cE1wGocy90Rp/de4tv7GjsKd5RQeew==",
      "requires": {
        "@hapi/boom": "7.x.x",
        "@hapi/hoek": "^8.3.1"
      }
    },
    "@hapi/bourne": {
      "version": "1.3.2",
      "resolved": "https://registry.npmjs.org/@hapi/bourne/-/bourne-1.3.2.tgz",
      "integrity": "sha512-1dVNHT76Uu5N3eJNTYcvxee+jzX4Z9lfciqRRHCU27ihbUcYi+iSc2iml5Ke1LXe1SyJCLA0+14Jh4tXJgOppA=="
    },
    "@hapi/call": {
      "version": "5.1.2",
      "resolved": "https://registry.npmjs.org/@hapi/call/-/call-5.1.2.tgz",
      "integrity": "sha512-10XyXbpo0fAXmOf/Q4BCgsQrrTZuwa6/FcSnuKqD06sZz5yMCmJTD8VpmolEjEfwJqXtQBZHj9g/IYcmHk3nxQ==",
      "requires": {
        "@hapi/boom": "7.x.x",
        "@hapi/hoek": "8.x.x"
      }
    },
    "@hapi/catbox": {
      "version": "10.2.3",
      "resolved": "https://registry.npmjs.org/@hapi/catbox/-/catbox-10.2.3.tgz",
      "integrity": "sha512-kN9hXO4NYyOHW09CXiuj5qW1syc/0XeVOBsNNk0Tz89wWNQE5h21WF+VsfAw3uFR8swn/Wj3YEVBnWqo82m/JQ==",
      "requires": {
        "@hapi/boom": "7.x.x",
        "@hapi/hoek": "8.x.x",
        "@hapi/joi": "16.x.x",
        "@hapi/podium": "3.x.x"
      }
    },
    "@hapi/catbox-memory": {
      "version": "4.1.1",
      "resolved": "https://registry.npmjs.org/@hapi/catbox-memory/-/catbox-memory-4.1.1.tgz",
      "integrity": "sha512-T6Hdy8DExzG0jY7C8yYWZB4XHfc0v+p1EGkwxl2HoaPYAmW7I3E59M/IvmSVpis8RPcIoBp41ZpO2aZPBpM2Ww==",
      "requires": {
        "@hapi/boom": "7.x.x",
        "@hapi/hoek": "8.x.x"
      }
    },
    "@hapi/content": {
      "version": "4.1.0",
      "resolved": "https://registry.npmjs.org/@hapi/content/-/content-4.1.0.tgz",
      "integrity": "sha512-hv2Czsl49hnWDEfRZOFow/BmYbKyfEknmk3k83gOp6moFn5ceHB4xVcna8OwsGfy8dxO81lhpPy+JgQEaU4SWw==",
      "requires": {
        "@hapi/boom": "7.x.x"
      }
    },
    "@hapi/cryptiles": {
      "version": "4.2.1",
      "resolved": "https://registry.npmjs.org/@hapi/cryptiles/-/cryptiles-4.2.1.tgz",
      "integrity": "sha512-XoqgKsHK0l/VpqPs+tr6j6vE+VQ3+2bkF2stvttmc7xAOf1oSAwHcJ0tlp/6MxMysktt1IEY0Csy3khKaP9/uQ==",
      "requires": {
        "@hapi/boom": "7.x.x"
      }
    },
    "@hapi/file": {
      "version": "1.0.0",
      "resolved": "https://registry.npmjs.org/@hapi/file/-/file-1.0.0.tgz",
      "integrity": "sha512-Bsfp/+1Gyf70eGtnIgmScvrH8sSypO3TcK3Zf0QdHnzn/ACnAkI6KLtGACmNRPEzzIy+W7aJX5E+1fc9GwIABQ=="
    },
    "@hapi/formula": {
      "version": "1.2.0",
      "resolved": "https://registry.npmjs.org/@hapi/formula/-/formula-1.2.0.tgz",
      "integrity": "sha512-UFbtbGPjstz0eWHb+ga/GM3Z9EzqKXFWIbSOFURU0A/Gku0Bky4bCk9/h//K2Xr3IrCfjFNhMm4jyZ5dbCewGA=="
    },
    "@hapi/good": {
      "version": "8.2.4",
      "resolved": "https://registry.npmjs.org/@hapi/good/-/good-8.2.4.tgz",
      "integrity": "sha512-Paj7BX4C295I+opJ5eIV0XvLhRPcKDLpP9RsnUWGXH/gLRi1SwVMOCYAqitSBjhYSIeZoq+jMmJn6+hUg4W3ug==",
      "requires": {
        "@hapi/hoek": "8.x.x",
        "@hapi/joi": "16.x.x",
        "@hapi/oppsy": "2.x.x",
        "pumpify": "1.x.x"
      }
    },
    "@hapi/good-squeeze": {
      "version": "5.2.1",
      "resolved": "https://registry.npmjs.org/@hapi/good-squeeze/-/good-squeeze-5.2.1.tgz",
      "integrity": "sha512-ZBiRgEDMtI5XowD0i4jgYD3wntN2JneY5EA1lUbSk9YoVIV9rWc77+6S0oqwfG0nj4xU/FjrXHvAahNEvRc6tg==",
      "requires": {
        "@hapi/hoek": "8.x.x",
        "fast-safe-stringify": "2.x.x"
      }
    },
    "@hapi/h2o2": {
      "version": "8.3.2",
      "resolved": "https://registry.npmjs.org/@hapi/h2o2/-/h2o2-8.3.2.tgz",
      "integrity": "sha512-2WkZq+QAkvYHWGqnUuG0stcVeGyv9T7bopBYnCJSUEuvBZlUf2BTX2JCVSKxsnTLOxCYwoC/aI4Rr0ZSRd2oVg==",
      "requires": {
        "@hapi/boom": "7.x.x",
        "@hapi/hoek": "8.x.x",
        "@hapi/joi": "16.x.x",
        "@hapi/wreck": "15.x.x"
      }
    },
    "@hapi/hapi": {
      "version": "18.4.0",
      "resolved": "https://registry.npmjs.org/@hapi/hapi/-/hapi-18.4.0.tgz",
      "integrity": "sha512-uk9zqknRLcNVQKgrPURm85DqkdroWP8eDRekh/IPoKvC4VjdZSn6EH2eUriOwyud/CldeBS3HDIJ/PtRj3VxDQ==",
      "requires": {
        "@hapi/accept": "3.x.x",
        "@hapi/ammo": "3.x.x",
        "@hapi/boom": "7.x.x",
        "@hapi/bounce": "1.x.x",
        "@hapi/call": "5.x.x",
        "@hapi/catbox": "10.x.x",
        "@hapi/catbox-memory": "4.x.x",
        "@hapi/heavy": "6.x.x",
        "@hapi/hoek": "8.x.x",
        "@hapi/joi": "15.x.x",
        "@hapi/mimos": "4.x.x",
        "@hapi/podium": "3.x.x",
        "@hapi/shot": "4.x.x",
        "@hapi/somever": "2.x.x",
        "@hapi/statehood": "6.x.x",
        "@hapi/subtext": "6.x.x",
        "@hapi/teamwork": "3.x.x",
        "@hapi/topo": "3.x.x"
      },
      "dependencies": {
        "@hapi/joi": {
          "version": "15.1.1",
          "resolved": "https://registry.npmjs.org/@hapi/joi/-/joi-15.1.1.tgz",
          "integrity": "sha512-entf8ZMOK8sc+8YfeOlM8pCfg3b5+WZIKBfUaaJT8UsjAAPjartzxIYm3TIbjvA4u+u++KbcXD38k682nVHDAQ==",
          "requires": {
            "@hapi/address": "2.x.x",
            "@hapi/bourne": "1.x.x",
            "@hapi/hoek": "8.x.x",
            "@hapi/topo": "3.x.x"
          }
        }
      }
    },
    "@hapi/heavy": {
      "version": "6.2.2",
      "resolved": "https://registry.npmjs.org/@hapi/heavy/-/heavy-6.2.2.tgz",
      "integrity": "sha512-PY1dCCO6dsze7RlafIRhTaGeyTgVe49A/lSkxbhKGjQ7x46o/OFf7hLiRqTCDh3atcEKf6362EaB3+kTUbCsVA==",
      "requires": {
        "@hapi/boom": "7.x.x",
        "@hapi/hoek": "8.x.x",
        "@hapi/joi": "16.x.x"
      }
    },
    "@hapi/hoek": {
      "version": "8.5.0",
      "resolved": "https://registry.npmjs.org/@hapi/hoek/-/hoek-8.5.0.tgz",
      "integrity": "sha512-7XYT10CZfPsH7j9F1Jmg1+d0ezOux2oM2GfArAzLwWe4mE2Dr3hVjsAL6+TFY49RRJlCdJDMw3nJsLFroTc8Kw=="
    },
    "@hapi/inert": {
      "version": "5.2.2",
      "resolved": "https://registry.npmjs.org/@hapi/inert/-/inert-5.2.2.tgz",
      "integrity": "sha512-8IaGfAEF8SwZtpdaTq0G3aDPG35ZTfWKjnMNniG2N3kE+qioMsBuImIGxna8TNQ+sYMXYK78aqmvzbQHno8qSQ==",
      "requires": {
        "@hapi/ammo": "3.x.x",
        "@hapi/boom": "7.x.x",
        "@hapi/bounce": "1.x.x",
        "@hapi/hoek": "8.x.x",
        "@hapi/joi": "16.x.x",
        "lru-cache": "4.1.x"
      }
    },
    "@hapi/iron": {
      "version": "5.1.4",
      "resolved": "https://registry.npmjs.org/@hapi/iron/-/iron-5.1.4.tgz",
      "integrity": "sha512-+ElC+OCiwWLjlJBmm8ZEWjlfzTMQTdgPnU/TsoU5QsktspIWmWi9IU4kU83nH+X/SSya8TP8h8P11Wr5L7dkQQ==",
      "requires": {
        "@hapi/b64": "4.x.x",
        "@hapi/boom": "7.x.x",
        "@hapi/bourne": "1.x.x",
        "@hapi/cryptiles": "4.x.x",
        "@hapi/hoek": "8.x.x"
      }
    },
    "@hapi/joi": {
      "version": "16.1.7",
      "resolved": "https://registry.npmjs.org/@hapi/joi/-/joi-16.1.7.tgz",
      "integrity": "sha512-anaIgnZhNooG3LJLrTFzgGALTiO97zRA1UkvQHm9KxxoSiIzCozB3RCNCpDnfhTJD72QlrHA8nwGmNgpFFCIeg==",
      "requires": {
        "@hapi/address": "^2.1.2",
        "@hapi/formula": "^1.2.0",
        "@hapi/hoek": "^8.2.4",
        "@hapi/pinpoint": "^1.0.2",
        "@hapi/topo": "^3.1.3"
      }
    },
    "@hapi/mimos": {
      "version": "4.1.1",
      "resolved": "https://registry.npmjs.org/@hapi/mimos/-/mimos-4.1.1.tgz",
      "integrity": "sha512-CXoi/zfcTWfKYX756eEea8rXJRIb9sR4d7VwyAH9d3BkDyNgAesZxvqIdm55npQc6S9mU3FExinMAQVlIkz0eA==",
      "requires": {
        "@hapi/hoek": "8.x.x",
        "mime-db": "1.x.x"
      }
    },
    "@hapi/nigel": {
      "version": "3.1.1",
      "resolved": "https://registry.npmjs.org/@hapi/nigel/-/nigel-3.1.1.tgz",
      "integrity": "sha512-R9YWx4S8yu0gcCBrMUDCiEFm1SQT895dMlYoeNBp8I6YhF1BFF1iYPueKA2Kkp9BvyHdjmvrxCOns7GMmpl+Fw==",
      "requires": {
        "@hapi/hoek": "8.x.x",
        "@hapi/vise": "3.x.x"
      }
    },
    "@hapi/oppsy": {
      "version": "2.1.2",
      "resolved": "https://registry.npmjs.org/@hapi/oppsy/-/oppsy-2.1.2.tgz",
      "integrity": "sha512-V/KNuFemyA//sowFFpeMRY4zE6szuy8vh6v2vWDPDhZFowOIwB7kqdFvmnBogk+aHHR+iKgKCU/SuUiv/xZyzg==",
      "requires": {
        "@hapi/hoek": "8.x.x"
      }
    },
    "@hapi/pez": {
      "version": "4.1.1",
      "resolved": "https://registry.npmjs.org/@hapi/pez/-/pez-4.1.1.tgz",
      "integrity": "sha512-TUa2C7Xk6J69HWrm+Ad+O6dFvdVAG0BiFUYaRsmkdWjFIfwHBCaOI1dWT/juNukSb39Lj6/mDVyjN+H4nKB3xg==",
      "requires": {
        "@hapi/b64": "4.x.x",
        "@hapi/boom": "7.x.x",
        "@hapi/content": "4.x.x",
        "@hapi/hoek": "8.x.x",
        "@hapi/nigel": "3.x.x"
      }
    },
    "@hapi/pinpoint": {
      "version": "1.0.2",
      "resolved": "https://registry.npmjs.org/@hapi/pinpoint/-/pinpoint-1.0.2.tgz",
      "integrity": "sha512-dtXC/WkZBfC5vxscazuiJ6iq4j9oNx1SHknmIr8hofarpKUZKmlUVYVIhNVzIEgK5Wrc4GMHL5lZtt1uS2flmQ=="
    },
    "@hapi/podium": {
      "version": "3.4.3",
      "resolved": "https://registry.npmjs.org/@hapi/podium/-/podium-3.4.3.tgz",
      "integrity": "sha512-QJlnYLEYZWlKQ9fSOtuUcpANyoVGwT68GA9P0iQQCAetBK0fI+nbRBt58+aMixoifczWZUthuGkNjqKxgPh/CQ==",
      "requires": {
        "@hapi/hoek": "8.x.x",
        "@hapi/joi": "16.x.x"
      }
    },
    "@hapi/shot": {
      "version": "4.1.2",
      "resolved": "https://registry.npmjs.org/@hapi/shot/-/shot-4.1.2.tgz",
      "integrity": "sha512-6LeHLjvsq/bQ0R+fhEyr7mqExRGguNTrxFZf5DyKe3CK6pNabiGgYO4JVFaRrLZ3JyuhkS0fo8iiRE2Ql2oA/A==",
      "requires": {
        "@hapi/hoek": "8.x.x",
        "@hapi/joi": "16.x.x"
      }
    },
    "@hapi/somever": {
      "version": "2.1.1",
      "resolved": "https://registry.npmjs.org/@hapi/somever/-/somever-2.1.1.tgz",
      "integrity": "sha512-cic5Sto4KGd9B0oQSdKTokju+rYhCbdpzbMb0EBnrH5Oc1z048hY8PaZ1lx2vBD7I/XIfTQVQetBH57fU51XRA==",
      "requires": {
        "@hapi/bounce": "1.x.x",
        "@hapi/hoek": "8.x.x"
      }
    },
    "@hapi/statehood": {
      "version": "6.1.2",
      "resolved": "https://registry.npmjs.org/@hapi/statehood/-/statehood-6.1.2.tgz",
      "integrity": "sha512-pYXw1x6npz/UfmtcpUhuMvdK5kuOGTKcJNfLqdNptzietK2UZH5RzNJSlv5bDHeSmordFM3kGItcuQWX2lj2nQ==",
      "requires": {
        "@hapi/boom": "7.x.x",
        "@hapi/bounce": "1.x.x",
        "@hapi/bourne": "1.x.x",
        "@hapi/cryptiles": "4.x.x",
        "@hapi/hoek": "8.x.x",
        "@hapi/iron": "5.x.x",
        "@hapi/joi": "16.x.x"
      }
    },
    "@hapi/subtext": {
      "version": "6.1.2",
      "resolved": "https://registry.npmjs.org/@hapi/subtext/-/subtext-6.1.2.tgz",
      "integrity": "sha512-G1kqD1E2QdxpvpL26WieIyo3z0qCa/sAGSa2TJI/PYPWCR9rL0rqFvhWY774xPZ4uK1PV3TIaJcx8AruAvxclg==",
      "requires": {
        "@hapi/boom": "7.x.x",
        "@hapi/bourne": "1.x.x",
        "@hapi/content": "4.x.x",
        "@hapi/file": "1.x.x",
        "@hapi/hoek": "8.x.x",
        "@hapi/pez": "4.x.x",
        "@hapi/wreck": "15.x.x"
      }
    },
    "@hapi/teamwork": {
      "version": "3.3.1",
      "resolved": "https://registry.npmjs.org/@hapi/teamwork/-/teamwork-3.3.1.tgz",
      "integrity": "sha512-61tiqWCYvMKP7fCTXy0M4VE6uNIwA0qvgFoiDubgfj7uqJ0fdHJFQNnVPGrxhLWlwz0uBPWrQlBH7r8y9vFITQ=="
    },
    "@hapi/topo": {
      "version": "3.1.6",
      "resolved": "https://registry.npmjs.org/@hapi/topo/-/topo-3.1.6.tgz",
      "integrity": "sha512-tAag0jEcjwH+P2quUfipd7liWCNX2F8NvYjQp2wtInsZxnMlypdw0FtAOLxtvvkO+GSRRbmNi8m/5y42PQJYCQ==",
      "requires": {
        "@hapi/hoek": "^8.3.0"
      }
    },
    "@hapi/vise": {
      "version": "3.1.1",
      "resolved": "https://registry.npmjs.org/@hapi/vise/-/vise-3.1.1.tgz",
      "integrity": "sha512-OXarbiCSadvtg+bSdVPqu31Z1JoBL+FwNYz3cYoBKQ5xq1/Cr4A3IkGpAZbAuxU5y4NL5pZFZG3d2a3ZGm/dOQ==",
      "requires": {
        "@hapi/hoek": "8.x.x"
      }
    },
    "@hapi/wreck": {
      "version": "15.1.0",
      "resolved": "https://registry.npmjs.org/@hapi/wreck/-/wreck-15.1.0.tgz",
      "integrity": "sha512-tQczYRTTeYBmvhsek/D49En/5khcShaBEmzrAaDjMrFXKJRuF8xA8+tlq1ETLBFwGd6Do6g2OC74rt11kzawzg==",
      "requires": {
        "@hapi/boom": "7.x.x",
        "@hapi/bourne": "1.x.x",
        "@hapi/hoek": "8.x.x"
      }
    },
    "abstract-extension": {
      "version": "3.1.0",
      "resolved": "https://registry.npm.taobao.org/abstract-extension/download/abstract-extension-3.1.0.tgz",
      "integrity": "sha1-EE2m5AdlIW1gaI4x7hf+1vTtIZY=",
      "requires": {
        "codecs": "^2.0.0"
      }
    },
    "array-lru": {
      "version": "1.1.1",
      "resolved": "https://registry.npm.taobao.org/array-lru/download/array-lru-1.1.1.tgz",
      "integrity": "sha1-DH4bTgIq4Wb/HoRIxZXzGB/NMzc="
    },
    "atomic-batcher": {
      "version": "1.0.2",
      "resolved": "https://registry.npm.taobao.org/atomic-batcher/download/atomic-batcher-1.0.2.tgz",
      "integrity": "sha1-0WkB0QzOxZUWwZe5zNiTBom4E7Q="
    },
    "bitfield-rle": {
      "version": "2.2.1",
      "resolved": "https://registry.npm.taobao.org/bitfield-rle/download/bitfield-rle-2.2.1.tgz",
      "integrity": "sha1-B8kQ9+ZQwAXEbRjuXKbmLEuvgxA=",
      "requires": {
        "buffer-alloc-unsafe": "^1.1.0",
        "varint": "^4.0.0"
      },
      "dependencies": {
        "varint": {
          "version": "4.0.1",
          "resolved": "https://registry.npm.taobao.org/varint/download/varint-4.0.1.tgz",
          "integrity": "sha1-SQgpuULSSEY7KzUJeZXDv3NxmOk="
        }
      }
    },
    "blake2b": {
      "version": "2.1.3",
      "resolved": "https://registry.npm.taobao.org/blake2b/download/blake2b-2.1.3.tgz",
      "integrity": "sha1-9TiL5CR2jnxjJwJdrQw8bYM1G8o=",
      "requires": {
        "blake2b-wasm": "^1.1.0",
        "nanoassert": "^1.0.0"
      }
    },
    "blake2b-wasm": {
      "version": "1.1.7",
      "resolved": "https://registry.npm.taobao.org/blake2b-wasm/download/blake2b-wasm-1.1.7.tgz",
      "integrity": "sha1-5NB12hAGjl1MPsH7mszE0YbFXYE=",
      "requires": {
        "nanoassert": "^1.0.0"
      }
    },
    "buffer-alloc": {
      "version": "1.2.0",
      "resolved": "https://registry.npm.taobao.org/buffer-alloc/download/buffer-alloc-1.2.0.tgz",
      "integrity": "sha1-iQ3ZDZI6hz4I4Q5f1RpX5bfM4Ow=",
      "requires": {
        "buffer-alloc-unsafe": "^1.1.0",
        "buffer-fill": "^1.0.0"
      }
    },
    "buffer-alloc-unsafe": {
      "version": "1.1.0",
      "resolved": "https://registry.npm.taobao.org/buffer-alloc-unsafe/download/buffer-alloc-unsafe-1.1.0.tgz",
      "integrity": "sha1-vX3CauKXLQ7aJTvgYdupkjScGfA="
    },
    "buffer-fill": {
      "version": "1.0.0",
      "resolved": "https://registry.npm.taobao.org/buffer-fill/download/buffer-fill-1.0.0.tgz",
      "integrity": "sha1-+PeLdniYiO858gXNY39o5wISKyw="
    },
    "buffer-from": {
      "version": "1.1.1",
      "resolved": "http://registry.npm.taobao.org/buffer-from/download/buffer-from-1.1.1.tgz",
      "integrity": "sha1-MnE7wCj3XAL9txDXx7zsHyxgcO8="
    },
    "bulk-write-stream": {
      "version": "1.1.4",
      "resolved": "https://registry.npm.taobao.org/bulk-write-stream/download/bulk-write-stream-1.1.4.tgz",
      "integrity": "sha1-BLS9qtYfWoE9gyNUc4MCDv/6fX4=",
      "requires": {
        "buffer-from": "^1.0.0",
        "inherits": "^2.0.1",
        "readable-stream": "^2.1.4"
      }
    },
    "clone": {
      "version": "2.1.2",
      "resolved": "http://registry.npm.taobao.org/clone/download/clone-2.1.2.tgz",
      "integrity": "sha1-G39Ln1kfHo+DZwQBYANFoCiHQ18="
    },
    "codecs": {
      "version": "2.0.0",
      "resolved": "https://registry.npm.taobao.org/codecs/download/codecs-2.0.0.tgz",
      "integrity": "sha1-aA0dSsisPIrbqmJcfOBsbuV5K1A="
    },
    "config": {
      "version": "3.2.4",
      "resolved": "https://registry.npm.taobao.org/config/download/config-3.2.4.tgz",
      "integrity": "sha1-5gqQhYKZHoAIUvnLYPz0JPMnSmw=",
      "requires": {
        "json5": "^1.0.1"
      }
    },
    "core-util-is": {
      "version": "1.0.2",
      "resolved": "https://registry.npmjs.org/core-util-is/-/core-util-is-1.0.2.tgz",
      "integrity": "sha1-tf1UIgqivFq1eqtxQMlAdUUDwac="
    },
    "count-trailing-zeros": {
      "version": "1.0.1",
      "resolved": "https://registry.npm.taobao.org/count-trailing-zeros/download/count-trailing-zeros-1.0.1.tgz",
      "integrity": "sha1-q6bFgzvkENRbHso+bVg4RM5oLHc="
    },
    "date-fns": {
      "version": "2.8.1",
      "resolved": "https://registry.npm.taobao.org/date-fns/download/date-fns-2.8.1.tgz?cache=0&sync_timestamp=1574404231599&other_urls=https%3A%2F%2Fregistry.npm.taobao.org%2Fdate-fns%2Fdownload%2Fdate-fns-2.8.1.tgz",
      "integrity": "sha1-IQk2LMtsh8PKAR6eMfcCvAnkEjs="
    },
    "debug": {
      "version": "4.1.1",
      "resolved": "http://registry.npm.taobao.org/debug/download/debug-4.1.1.tgz",
      "integrity": "sha1-O3ImAlUQnGtYnO4FDx1RYTlmR5E=",
      "requires": {
        "ms": "^2.1.1"
      }
    },
    "duplexify": {
      "version": "3.7.1",
      "resolved": "https://registry.npmjs.org/duplexify/-/duplexify-3.7.1.tgz",
      "integrity": "sha512-07z8uv2wMyS51kKhD1KsdXJg5WQ6t93RneqRxUHnskXVtlYYkLqM0gqStQZ3pj073g687jPCHrqNfCzawLYh5g==",
      "requires": {
        "end-of-stream": "^1.0.0",
        "inherits": "^2.0.1",
        "readable-stream": "^2.0.0",
        "stream-shift": "^1.0.0"
      }
    },
    "end-of-stream": {
      "version": "1.4.4",
      "resolved": "https://registry.npmjs.org/end-of-stream/-/end-of-stream-1.4.4.tgz",
      "integrity": "sha512-+uw1inIHVPQoaVuHzRyXd21icM+cnt4CzD5rW+NC1wjOUSTOs+Te7FOv7AhN7vS9x/oIyhLP5PR1H+phQAHu5Q==",
      "requires": {
        "once": "^1.4.0"
      }
    },
    "fast-bitfield": {
      "version": "1.2.2",
      "resolved": "https://registry.npm.taobao.org/fast-bitfield/download/fast-bitfield-1.2.2.tgz",
      "integrity": "sha1-fwjNtGpjhLiHpkEntWqk1ZvI+iU=",
      "requires": {
        "count-trailing-zeros": "^1.0.1"
      }
    },
    "fast-fifo": {
      "version": "1.0.0",
      "resolved": "https://registry.npm.taobao.org/fast-fifo/download/fast-fifo-1.0.0.tgz",
      "integrity": "sha1-m8cuaGA0e7BFqHbRxcCvEem5hOc="
    },
    "fast-safe-stringify": {
      "version": "2.0.7",
      "resolved": "https://registry.npmjs.org/fast-safe-stringify/-/fast-safe-stringify-2.0.7.tgz",
      "integrity": "sha512-Utm6CdzT+6xsDk2m8S6uL8VHxNwI6Jub+e9NYTcAms28T84pTa25GJQV9j0CY0N1rM8hK4x6grpF2BQf+2qwVA=="
    },
    "fd-lock": {
      "version": "1.0.2",
      "resolved": "https://registry.npm.taobao.org/fd-lock/download/fd-lock-1.0.2.tgz",
      "integrity": "sha1-+2jp9Agw+WoJjgkLeatu6TY+qJ0=",
      "optional": true,
      "requires": {
        "napi-macros": "^1.8.2",
        "node-gyp-build": "^3.8.0"
      }
    },
    "flat-tree": {
      "version": "1.6.0",
      "resolved": "https://registry.npm.taobao.org/flat-tree/download/flat-tree-1.6.0.tgz",
      "integrity": "sha1-/KMM3bkAb7ZW6168ea6ydOf96e0="
    },
    "from2": {
      "version": "2.3.0",
      "resolved": "http://registry.npm.taobao.org/from2/download/from2-2.3.0.tgz",
      "integrity": "sha1-i/tVAr3kpNNs/e6gB/zKIdfjgq8=",
      "requires": {
        "inherits": "^2.0.1",
        "readable-stream": "^2.0.0"
      }
    },
    "hapi-error": {
      "version": "2.1.0",
      "resolved": "https://registry.npmjs.org/hapi-error/-/hapi-error-2.1.0.tgz",
      "integrity": "sha512-SxA2LSmnb/ZJ6bZKFvpx+qWzIyfLiBe9E6ncC/GjxGj5BZjXQr7i/ffMkzwJziw9SKino0boWpbN/grxj78qiQ==",
      "requires": {
        "hoek": "^5.0.3"
      }
    },
    "hmac-blake2b": {
      "version": "0.2.0",
      "resolved": "https://registry.npm.taobao.org/hmac-blake2b/download/hmac-blake2b-0.2.0.tgz",
      "integrity": "sha1-+McWmdyDTOgGalEroFku2lcr/0w=",
      "requires": {
        "nanoassert": "^1.1.0",
        "sodium-universal": "^2.0.0"
      }
    },
    "hoek": {
      "version": "5.0.4",
      "resolved": "https://registry.npmjs.org/hoek/-/hoek-5.0.4.tgz",
      "integrity": "sha512-Alr4ZQgoMlnere5FZJsIyfIjORBqZll5POhDsF4q64dPuJR6rNxXdDxtHSQq8OXRurhmx+PWYEE8bXRROY8h0w=="
    },
    "hypercore": {
      "version": "8.3.0",
      "resolved": "https://registry.npm.taobao.org/hypercore/download/hypercore-8.3.0.tgz",
      "integrity": "sha1-IpROK3XKdLD3CAGdeALavoU6hG4=",
      "requires": {
        "abstract-extension": "^3.0.1",
        "array-lru": "^1.1.0",
        "atomic-batcher": "^1.0.2",
        "bitfield-rle": "^2.2.1",
        "bulk-write-stream": "^1.1.3",
        "codecs": "^2.0.0",
        "fast-bitfield": "^1.2.2",
        "fd-lock": "^1.0.2",
        "flat-tree": "^1.6.0",
        "from2": "^2.3.0",
        "hypercore-crypto": "^1.0.0",
        "hypercore-protocol": "^7.1.0",
        "inherits": "^2.0.3",
        "inspect-custom-symbol": "^1.1.0",
        "last-one-wins": "^1.0.4",
        "memory-pager": "^1.0.2",
        "merkle-tree-stream": "^3.0.3",
        "nanoguard": "^1.2.0",
        "nanoresource": "^1.3.0",
        "pretty-hash": "^1.0.1",
        "random-access-file": "^2.1.0",
        "sodium-universal": "^2.0.0",
        "sparse-bitfield": "^3.0.0",
        "timeout-refresh": "^1.0.1",
        "uint64be": "^2.0.1",
        "unordered-array-remove": "^1.0.2",
        "unordered-set": "^2.0.0"
      }
    },
    "hypercore-crypto": {
      "version": "1.0.0",
      "resolved": "https://registry.npm.taobao.org/hypercore-crypto/download/hypercore-crypto-1.0.0.tgz",
      "integrity": "sha1-kN/Sx3NkSD0kryBLmpkTbLYyDeY=",
      "requires": {
        "buffer-alloc-unsafe": "^1.1.0",
        "buffer-from": "^1.1.0",
        "sodium-universal": "^2.0.0",
        "uint64be": "^2.0.2"
      }
    },
    "hypercore-protocol": {
      "version": "7.7.1",
      "resolved": "https://registry.npm.taobao.org/hypercore-protocol/download/hypercore-protocol-7.7.1.tgz",
      "integrity": "sha1-btIyqqiM93l4pVU3z5fOlKrtKUw=",
      "requires": {
        "abstract-extension": "^3.0.1",
        "debug": "^4.1.1",
        "hypercore-crypto": "^1.0.0",
        "inspect-custom-symbol": "^1.1.0",
        "nanoguard": "^1.2.1",
        "pretty-hash": "^1.0.1",
        "simple-hypercore-protocol": "^1.4.0",
        "streamx": "^2.1.0",
        "timeout-refresh": "^1.0.0"
      }
    },
    "hypertrie": {
      "version": "4.0.1",
      "resolved": "https://registry.npm.taobao.org/hypertrie/download/hypertrie-4.0.1.tgz",
      "integrity": "sha1-IE/3B3EvVHAANY6tnMZCo46YxX0=",
      "requires": {
        "bulk-write-stream": "^1.1.4",
        "codecs": "^2.0.0",
        "hypercore": "^8.0.0",
        "inherits": "^2.0.3",
        "inspect-custom-symbol": "^1.1.0",
        "is-options": "^1.0.1",
        "mutexify": "^1.2.0",
        "nanoiterator": "^1.2.0",
        "protocol-buffers-encodings": "^1.1.0",
        "sodium-universal": "^2.0.0",
        "thunky": "^1.0.2",
        "unordered-set": "^2.0.1",
        "varint": "^5.0.0"
      }
    },
    "inherits": {
      "version": "2.0.4",
      "resolved": "https://registry.npmjs.org/inherits/-/inherits-2.0.4.tgz",
      "integrity": "sha512-k/vGaX4/Yla3WzyMCvTQOXYeIHvqOKtnqBduzTHpzpQZzAskKMhZ2K+EnBiSM9zGSoIFeMpXKxa4dYeZIQqewQ=="
    },
    "ini": {
      "version": "1.3.5",
      "resolved": "http://registry.npm.taobao.org/ini/download/ini-1.3.5.tgz",
      "integrity": "sha1-7uJfVtscnsYIXgwid4CD9Zar+Sc="
    },
    "inspect-custom-symbol": {
      "version": "1.1.1",
      "resolved": "https://registry.npm.taobao.org/inspect-custom-symbol/download/inspect-custom-symbol-1.1.1.tgz",
      "integrity": "sha1-GNri7UU389jhcIYm03VsENft94I="
    },
    "is-options": {
      "version": "1.0.1",
      "resolved": "https://registry.npm.taobao.org/is-options/download/is-options-1.0.1.tgz",
      "integrity": "sha1-JbEwNgMPr8qFiRgSTCQEj3iL4E8="
    },
    "isarray": {
      "version": "1.0.0",
      "resolved": "https://registry.npmjs.org/isarray/-/isarray-1.0.0.tgz",
      "integrity": "sha1-u5NdSFgsuhaMBoNJV6VKPgcSTxE="
    },
    "json5": {
      "version": "1.0.1",
      "resolved": "https://registry.npm.taobao.org/json5/download/json5-1.0.1.tgz",
      "integrity": "sha1-d5+wAYYE+oVOrL9iUhgNg1Q+Pb4=",
      "requires": {
        "minimist": "^1.2.0"
      }
    },
    "last-one-wins": {
      "version": "1.0.4",
      "resolved": "https://registry.npm.taobao.org/last-one-wins/download/last-one-wins-1.0.4.tgz",
      "integrity": "sha1-wb/Qy8tGeQ7JFWuNGu6Py4bNoio="
    },
    "lru-cache": {
      "version": "4.1.5",
      "resolved": "https://registry.npmjs.org/lru-cache/-/lru-cache-4.1.5.tgz",
      "integrity": "sha512-sWZlbEP2OsHNkXrMl5GYk/jKk70MBng6UU4YI/qGDYbgf6YbP4EvmqISbXCoJiRKs+1bSpFHVgQxvJ17F2li5g==",
      "requires": {
        "pseudomap": "^1.0.2",
        "yallist": "^2.1.2"
      }
    },
    "memory-pager": {
      "version": "1.5.0",
      "resolved": "https://registry.npm.taobao.org/memory-pager/download/memory-pager-1.5.0.tgz",
      "integrity": "sha1-2HUWVdItOEaCdByXLyw9bfo+ZrU="
    },
    "merkle-tree-stream": {
      "version": "3.0.3",
      "resolved": "https://registry.npm.taobao.org/merkle-tree-stream/download/merkle-tree-stream-3.0.3.tgz",
      "integrity": "sha1-+KBkdg0355eK1fn208EZpJT1cIE=",
      "requires": {
        "flat-tree": "^1.3.0",
        "readable-stream": "^2.0.5"
      }
    },
    "mime-db": {
      "version": "1.42.0",
      "resolved": "https://registry.npmjs.org/mime-db/-/mime-db-1.42.0.tgz",
      "integrity": "sha512-UbfJCR4UAVRNgMpfImz05smAXK7+c+ZntjaA26ANtkXLlOe947Aag5zdIcKQULAiF9Cq4WxBi9jUs5zkA84bYQ=="
    },
    "minimist": {
      "version": "1.2.0",
      "resolved": "http://registry.npm.taobao.org/minimist/download/minimist-1.2.0.tgz",
      "integrity": "sha1-o1AIsg9BOD7sH7kU9M1d95omQoQ="
    },
    "mkdirp": {
      "version": "0.5.1",
      "resolved": "http://registry.npm.taobao.org/mkdirp/download/mkdirp-0.5.1.tgz",
      "integrity": "sha1-MAV0OOrGz3+MR2fzhkjWaX11yQM=",
      "requires": {
        "minimist": "0.0.8"
      },
      "dependencies": {
        "minimist": {
          "version": "0.0.8",
          "resolved": "http://registry.npm.taobao.org/minimist/download/minimist-0.0.8.tgz",
          "integrity": "sha1-hX/Kv8M5fSYluCKCYuhqp6ARsF0="
        }
      }
    },
    "ms": {
      "version": "2.1.2",
      "resolved": "https://registry.npm.taobao.org/ms/download/ms-2.1.2.tgz",
      "integrity": "sha1-0J0fNXtEP0kzgqjrPM0YOHKuYAk="
    },
    "mutexify": {
      "version": "1.2.0",
      "resolved": "https://registry.npm.taobao.org/mutexify/download/mutexify-1.2.0.tgz",
      "integrity": "sha1-RVl5daKwNfVtz2H/FcyNc8KOdjk="
    },
    "nan": {
      "version": "2.14.0",
      "resolved": "https://registry.npm.taobao.org/nan/download/nan-2.14.0.tgz",
      "integrity": "sha1-eBj3IgJ7JFmobwKV1DTR/CM2xSw="
    },
    "nanoassert": {
      "version": "1.1.0",
      "resolved": "https://registry.npm.taobao.org/nanoassert/download/nanoassert-1.1.0.tgz",
      "integrity": "sha1-TzFS4JVA/eKMdvRLGbvNHVpCR40="
    },
    "nanoguard": {
      "version": "1.2.2",
      "resolved": "https://registry.npm.taobao.org/nanoguard/download/nanoguard-1.2.2.tgz",
      "integrity": "sha1-ogacVjYAoYU/0+wx7RHpaBqj3YA="
    },
    "nanoiterator": {
      "version": "1.2.0",
      "resolved": "https://registry.npm.taobao.org/nanoiterator/download/nanoiterator-1.2.0.tgz",
      "integrity": "sha1-NkYeJG+cUuWR2KCXzqWIb67J9q8=",
      "requires": {
        "inherits": "^2.0.3",
        "readable-stream": "^2.3.3"
      }
    },
    "nanoresource": {
      "version": "1.3.0",
      "resolved": "https://registry.npm.taobao.org/nanoresource/download/nanoresource-1.3.0.tgz",
      "integrity": "sha1-gjlF2WZ6s+gaiyWRq41zRVKHjNA=",
      "requires": {
        "inherits": "^2.0.4"
      }
    },
    "napi-macros": {
      "version": "1.8.2",
      "resolved": "https://registry.npm.taobao.org/napi-macros/download/napi-macros-1.8.2.tgz",
      "integrity": "sha1-KZJlwdiqQBNRrQZ1EH11EijAPto=",
      "optional": true
    },
    "node-gyp-build": {
      "version": "3.9.0",
      "resolved": "https://registry.npm.taobao.org/node-gyp-build/download/node-gyp-build-3.9.0.tgz",
      "integrity": "sha1-U6NQGH3U1SdnUNohYF0ctoHQniU=",
      "optional": true
    },
    "noise-protocol": {
      "version": "1.0.0",
      "resolved": "https://registry.npm.taobao.org/noise-protocol/download/noise-protocol-1.0.0.tgz",
      "integrity": "sha1-Jg4ER92rxvHUD0xYKaZKujjAh2g=",
      "requires": {
        "clone": "^2.1.2",
        "hmac-blake2b": "^0.2.0",
        "nanoassert": "^1.1.0",
        "sodium-native": "^2.2.1"
      }
    },
    "once": {
      "version": "1.4.0",
      "resolved": "https://registry.npmjs.org/once/-/once-1.4.0.tgz",
      "integrity": "sha1-WDsap3WWHUsROsF9nFC6753Xa9E=",
      "requires": {
        "wrappy": "1"
      }
    },
    "pretty-hash": {
      "version": "1.0.1",
      "resolved": "https://registry.npm.taobao.org/pretty-hash/download/pretty-hash-1.0.1.tgz",
      "integrity": "sha1-FuBXkYje9WvbVliSvNBaXWUySAc="
    },
    "process-nextick-args": {
      "version": "2.0.1",
      "resolved": "https://registry.npmjs.org/process-nextick-args/-/process-nextick-args-2.0.1.tgz",
      "integrity": "sha512-3ouUOpQhtgrbOa17J7+uxOTpITYWaGP7/AhoR3+A+/1e9skrzelGi/dXzEYyvbxubEF6Wn2ypscTKiKJFFn1ag=="
    },
    "protocol-buffers-encodings": {
      "version": "1.1.0",
      "resolved": "https://registry.npm.taobao.org/protocol-buffers-encodings/download/protocol-buffers-encodings-1.1.0.tgz",
      "integrity": "sha1-85BWMRBmabhTgbrUejNq3X0gaHM=",
      "requires": {
        "signed-varint": "^2.0.1",
        "varint": "^5.0.0"
      }
    },
    "pseudomap": {
      "version": "1.0.2",
      "resolved": "https://registry.npmjs.org/pseudomap/-/pseudomap-1.0.2.tgz",
      "integrity": "sha1-8FKijacOYYkX7wqKw0wa5aaChrM="
    },
    "pump": {
      "version": "2.0.1",
      "resolved": "https://registry.npmjs.org/pump/-/pump-2.0.1.tgz",
      "integrity": "sha512-ruPMNRkN3MHP1cWJc9OWr+T/xDP0jhXYCLfJcBuX54hhfIBnaQmAUMfDcG4DM5UMWByBbJY69QSphm3jtDKIkA==",
      "requires": {
        "end-of-stream": "^1.1.0",
        "once": "^1.3.1"
      }
    },
    "pumpify": {
      "version": "1.5.1",
      "resolved": "https://registry.npmjs.org/pumpify/-/pumpify-1.5.1.tgz",
      "integrity": "sha512-oClZI37HvuUJJxSKKrC17bZ9Cu0ZYhEAGPsPUy9KlMUmv9dKX2o77RUmq7f3XjIxbwyGwYzbzQ1L2Ks8sIradQ==",
      "requires": {
        "duplexify": "^3.6.0",
        "inherits": "^2.0.3",
        "pump": "^2.0.0"
      }
    },
    "random-access-file": {
      "version": "2.1.3",
      "resolved": "https://registry.npm.taobao.org/random-access-file/download/random-access-file-2.1.3.tgz",
      "integrity": "sha1-ZCxLKeOcfdkWCaLpEvF01w/U+Co=",
      "requires": {
        "mkdirp": "^0.5.1",
        "random-access-storage": "^1.1.1"
      }
    },
    "random-access-storage": {
      "version": "1.4.0",
      "resolved": "https://registry.npm.taobao.org/random-access-storage/download/random-access-storage-1.4.0.tgz",
      "integrity": "sha1-y+W1zPs4aAqse3igUNnwpe82hB8=",
      "requires": {
        "inherits": "^2.0.3"
      }
    },
    "readable-stream": {
      "version": "2.3.6",
      "resolved": "https://registry.npmjs.org/readable-stream/-/readable-stream-2.3.6.tgz",
      "integrity": "sha512-tQtKA9WIAhBF3+VLAseyMqZeBjW0AHJoxOtYqSUZNJxauErmLbVm2FW1y+J/YA9dUrAC39ITejlZWhVIwawkKw==",
      "requires": {
        "core-util-is": "~1.0.0",
        "inherits": "~2.0.3",
        "isarray": "~1.0.0",
        "process-nextick-args": "~2.0.0",
        "safe-buffer": "~5.1.1",
        "string_decoder": "~1.1.1",
        "util-deprecate": "~1.0.1"
      }
    },
    "rotating-file-stream": {
      "version": "1.4.6",
      "resolved": "https://registry.npmjs.org/rotating-file-stream/-/rotating-file-stream-1.4.6.tgz",
      "integrity": "sha512-QS7vGxBK6sGc1mCqlmAuwV4J0fmmVCKaUgMvKbkTueZr4jdkXN3bSpTEOQxtdtAVEzi1aUqdHzwIQ0ejNn+CQg=="
    },
    "safe-buffer": {
      "version": "5.1.2",
      "resolved": "https://registry.npmjs.org/safe-buffer/-/safe-buffer-5.1.2.tgz",
      "integrity": "sha512-Gd2UZBJDkXlY7GbJxfsE8/nvKkUEU1G38c1siN6QP6a9PT9MmHB8GnpscSmMJSoF8LOIrt8ud/wPtojys4G6+g=="
    },
    "signed-varint": {
      "version": "2.0.1",
      "resolved": "https://registry.npm.taobao.org/signed-varint/download/signed-varint-2.0.1.tgz",
      "integrity": "sha1-UKmYnafJjCxh2tEZvJdHDvhSgSk=",
      "requires": {
        "varint": "~5.0.0"
      }
    },
    "simple-handshake": {
      "version": "1.3.1",
      "resolved": "https://registry.npm.taobao.org/simple-handshake/download/simple-handshake-1.3.1.tgz",
      "integrity": "sha1-Pz0+8QPLWeJfhca1lSpjFlnlNBE=",
      "requires": {
        "nanoassert": "^1.1.0",
        "noise-protocol": "^1.0.0"
      }
    },
    "simple-hypercore-protocol": {
      "version": "1.4.0",
      "resolved": "https://registry.npm.taobao.org/simple-hypercore-protocol/download/simple-hypercore-protocol-1.4.0.tgz",
      "integrity": "sha1-Q5V9exsKBFo0bx9WaEXSp51OTQw=",
      "requires": {
        "protocol-buffers-encodings": "^1.1.0",
        "simple-handshake": "^1.3.1",
        "simple-message-channels": "^1.2.1",
        "sodium-universal": "^2.0.0",
        "varint": "^5.0.0"
      }
    },
    "simple-message-channels": {
      "version": "1.2.1",
      "resolved": "https://registry.npm.taobao.org/simple-message-channels/download/simple-message-channels-1.2.1.tgz",
      "integrity": "sha1-2CfT2g3x+GL9CbdIRXoB+aDresM=",
      "requires": {
        "varint": "^5.0.0"
      }
    },
    "simple-oauth2": {
      "version": "3.1.0",
      "resolved": "https://registry.npm.taobao.org/simple-oauth2/download/simple-oauth2-3.1.0.tgz",
      "integrity": "sha1-XFKH/0n5WG0LIzom9zUfa7xUen8=",
      "requires": {
        "@hapi/hoek": "^8.3.0",
        "@hapi/joi": "^16.1.7",
        "@hapi/wreck": "^15.1.0",
        "date-fns": "^2.4.1",
        "debug": "^4.1.1"
      }
    },
    "siphash24": {
      "version": "1.1.1",
      "resolved": "https://registry.npm.taobao.org/siphash24/download/siphash24-1.1.1.tgz",
      "integrity": "sha1-lK0CGissYt44G1Ru4C3wz3eKzVA=",
      "requires": {
        "nanoassert": "^1.0.0"
      }
    },
    "sodium-javascript": {
      "version": "0.5.5",
      "resolved": "https://registry.npm.taobao.org/sodium-javascript/download/sodium-javascript-0.5.5.tgz",
      "integrity": "sha1-QLe1MDkJMfRRZBc1gtylHU436E0=",
      "requires": {
        "blake2b": "^2.1.1",
        "nanoassert": "^1.0.0",
        "siphash24": "^1.0.1",
        "xsalsa20": "^1.0.0"
      }
    },
    "sodium-native": {
      "version": "2.4.6",
      "resolved": "https://registry.npm.taobao.org/sodium-native/download/sodium-native-2.4.6.tgz",
      "integrity": "sha1-ioFzCV6M9PmX3jk6K6EGw0hwysI=",
      "requires": {
        "ini": "^1.3.5",
        "nan": "^2.14.0",
        "node-gyp-build": "^4.1.0"
      },
      "dependencies": {
        "node-gyp-build": {
          "version": "4.2.0",
          "resolved": "https://registry.npm.taobao.org/node-gyp-build/download/node-gyp-build-4.2.0.tgz",
          "integrity": "sha1-LCsF9GH0F4ZBps4tcVnwQJTpN20="
        }
      }
    },
    "sodium-universal": {
      "version": "2.0.0",
      "resolved": "https://registry.npm.taobao.org/sodium-universal/download/sodium-universal-2.0.0.tgz",
      "integrity": "sha1-z7ThqcSv7OQ4KywjxTQ5tEO9KvM=",
      "requires": {
        "sodium-javascript": "~0.5.0",
        "sodium-native": "^2.0.0"
      }
    },
    "sparse-bitfield": {
      "version": "3.0.3",
      "resolved": "https://registry.npm.taobao.org/sparse-bitfield/download/sparse-bitfield-3.0.3.tgz",
      "integrity": "sha1-/0rm5oZWBWuks+eSqzM004JzyhE=",
      "requires": {
        "memory-pager": "^1.0.2"
      }
    },
    "stream-shift": {
      "version": "1.0.0",
      "resolved": "https://registry.npmjs.org/stream-shift/-/stream-shift-1.0.0.tgz",
      "integrity": "sha1-1cdSgl5TZ+eG944Y5EXqIjoVWVI="
    },
    "streamx": {
      "version": "2.5.0",
      "resolved": "https://registry.npm.taobao.org/streamx/download/streamx-2.5.0.tgz",
      "integrity": "sha1-QWPRUvWUzThsT9XvEWuNgGP3PbQ=",
      "requires": {
        "fast-fifo": "^1.0.0",
        "nanoassert": "^2.0.0"
      },
      "dependencies": {
        "nanoassert": {
          "version": "2.0.0",
          "resolved": "https://registry.npm.taobao.org/nanoassert/download/nanoassert-2.0.0.tgz",
          "integrity": "sha1-oF+G3mx6UWGAOKYg+Ih47R5JDAk="
        }
      }
    },
    "string_decoder": {
      "version": "1.1.1",
      "resolved": "https://registry.npmjs.org/string_decoder/-/string_decoder-1.1.1.tgz",
      "integrity": "sha512-n/ShnvDi6FHbbVfviro+WojiFzv+s8MPMHBczVePfUpDJLwoLT0ht1l4YwBCbi8pJAveEEdnkHyPyTP/mzRfwg==",
      "requires": {
        "safe-buffer": "~5.1.0"
      }
    },
    "thunky": {
      "version": "1.1.0",
      "resolved": "https://registry.npm.taobao.org/thunky/download/thunky-1.1.0.tgz",
      "integrity": "sha1-Wrr3FKlAXbBQRzK7zNLO3Z75U30="
    },
    "timeout-refresh": {
      "version": "1.0.1",
      "resolved": "https://registry.npm.taobao.org/timeout-refresh/download/timeout-refresh-1.0.1.tgz",
      "integrity": "sha1-GCsjx8rNFCD6nA7/LGsxw9t86Vk="
    },
    "uint64be": {
      "version": "2.0.2",
      "resolved": "https://registry.npm.taobao.org/uint64be/download/uint64be-2.0.2.tgz",
      "integrity": "sha1-70oXl1L+j53aopVE7PwTSQAx6OU=",
      "requires": {
        "buffer-alloc": "^1.1.0"
      }
    },
    "unordered-array-remove": {
      "version": "1.0.2",
      "resolved": "https://registry.npm.taobao.org/unordered-array-remove/download/unordered-array-remove-1.0.2.tgz",
      "integrity": "sha1-xUbo+I4xegzyZEyX7LV9umbSUO8="
    },
    "unordered-set": {
      "version": "2.0.1",
      "resolved": "https://registry.npm.taobao.org/unordered-set/download/unordered-set-2.0.1.tgz",
      "integrity": "sha1-TND+J7iBS89dYHPl8JZux6UIQeY="
    },
    "url-pattern": {
      "version": "1.0.3",
      "resolved": "https://registry.npm.taobao.org/url-pattern/download/url-pattern-1.0.3.tgz",
      "integrity": "sha1-BAkpJHGyTyPFDWWkeTF5PStaz8E="
    },
    "util-deprecate": {
      "version": "1.0.2",
      "resolved": "https://registry.npmjs.org/util-deprecate/-/util-deprecate-1.0.2.tgz",
      "integrity": "sha1-RQ1Nyfpw3nMnYvvS1KKJgUGaDM8="
    },
    "varint": {
      "version": "5.0.0",
      "resolved": "https://registry.npm.taobao.org/varint/download/varint-5.0.0.tgz",
      "integrity": "sha1-2Ca4n3SQcy+rwMDtaT7Uddyynr8="
    },
    "wrappy": {
      "version": "1.0.2",
      "resolved": "https://registry.npmjs.org/wrappy/-/wrappy-1.0.2.tgz",
      "integrity": "sha1-tSQ9jz7BqjXxNkYFvA0QNuMKtp8="
    },
    "xsalsa20": {
      "version": "1.1.0",
      "resolved": "https://registry.npm.taobao.org/xsalsa20/download/xsalsa20-1.1.0.tgz",
      "integrity": "sha1-vuJxdK8ZE6rsD+Z32LoWHsEr+H0="
    },
    "yallist": {
      "version": "2.1.2",
      "resolved": "https://registry.npmjs.org/yallist/-/yallist-2.1.2.tgz",
      "integrity": "sha1-HBH5IY8HYImkfdUS+TxmmaaoHVI="
    }
  }
}
